
Microsoft Visual Studio Solution File, Format Version 12.00
# Visual Studio 14
VisualStudioVersion = 14.0.25123.0
MinimumVisualStudioVersion = 10.0.40219.1
Project("{8BB2217D-0F2D-49D1-97BC-3654ED321F3B}") = "edge-cs-coreclr", "edge-cs-coreclr.xproj", "{F95F0995-380A-4747-A3A8-CA536B524D37}"
EndProject
Global
	GlobalSection(SolutionConfigurationPlatforms) = preSolution
		Debug|Any CPU = Debug|Any CPU
		Release|Any CPU = Release|Any CPU
	EndGlobalSection
	GlobalSection(ProjectConfigurationPlatforms) = postSolution
		{F95F0995-380A-4747-A3A8-CA536B524D37}.Debug|Any CPU.ActiveCfg = Debug|Any CPU
		{F95F0995-380A-4747-A3A8-CA536B524D37}.Debug|Any CPU.Build.0 = Debug|Any CPU
		{F95F0995-380A-4747-A3A8-CA536B524D37}.Release|Any CPU.ActiveCfg = Release|Any CPU
		{F95F0995-380A-4747-A3A8-CA536B524D37}.Release|Any CPU.Build.0 = Release|Any CPU
	EndGlobalSection
	GlobalSection(SolutionProperties) = preSolution
		HideSolutionNode = FALSE
	EndGlobalSection
EndGlobal
